<Solution>
  <Project Path="LearnCraft.API/LearnCraft.API.csproj" />
  <Project Path="LearnCraft.Application/LearnCraft.Application.csproj" />
  <Project Path="LearnCraft.Domain/LearnCraft.Domain.csproj" />
  <Project Path="LearnCraft.Infrastructure/LearnCraft.Infrastructure.csproj" />
  <Project Path="LearnCraft.Tests/LearnCraft.Tests.csproj" />
</Solution>
